
Microsoft Visual Studio Solution File, Format Version 12.00
# Visual Studio 15
VisualStudioVersion = 15.0.26020.0
MinimumVisualStudioVersion = 10.0.40219.1
Project("{E24C65DC-7377-472B-9ABA-BC803B73C61A}") = "WebService1", "http://localhost/WebService1", "{8EEF1917-E2D9-4A9A-82CC-8105DDE83ED9}"
	ProjectSection(WebsiteProperties) = preProject
		UseIISExpress = "false"
		TargetFrameworkMoniker = ".NETFramework,Version%3Dv3.5"
		Debug.AspNetCompiler.VirtualPath = "/WebService1"
		Debug.AspNetCompiler.PhysicalPath = "..\..\..\..\..\..\inetpub\wwwroot\WebService1\"
		Debug.AspNetCompiler.TargetPath = "PrecompiledWeb\WebService1\"
		Debug.AspNetCompiler.Updateable = "true"
		Debug.AspNetCompiler.ForceOverwrite = "true"
		Debug.AspNetCompiler.FixedNames = "false"
		Debug.AspNetCompiler.Debug = "True"
		Release.AspNetCompiler.VirtualPath = "/WebService1"
		Release.AspNetCompiler.PhysicalPath = "..\..\..\..\..\..\inetpub\wwwroot\WebService1\"
		Release.AspNetCompiler.TargetPath = "PrecompiledWeb\WebService1\"
		Release.AspNetCompiler.Updateable = "true"
		Release.AspNetCompiler.ForceOverwrite = "true"
		Release.AspNetCompiler.FixedNames = "false"
		Release.AspNetCompiler.Debug = "False"
		SlnRelativePath = "..\..\..\..\..\..\inetpub\wwwroot\WebService1\"
		DefaultWebSiteLanguage = "Visual C#"
	EndProjectSection
EndProject
Project("{FAE04EC0-301F-11D3-BF4B-00C04F79EFBC}") = "Consumer", "Consumer\Consumer.csproj", "{101DF516-0873-4EB1-934C-24FEEE1F80C0}"
	ProjectSection(ProjectDependencies) = postProject
		{8EEF1917-E2D9-4A9A-82CC-8105DDE83ED9} = {8EEF1917-E2D9-4A9A-82CC-8105DDE83ED9}
	EndProjectSection
EndProject
Global
	GlobalSection(SolutionConfigurationPlatforms) = preSolution
		Debug|Any CPU = Debug|Any CPU
		Release|Any CPU = Release|Any CPU
	EndGlobalSection
	GlobalSection(ProjectConfigurationPlatforms) = postSolution
		{8EEF1917-E2D9-4A9A-82CC-8105DDE83ED9}.Debug|Any CPU.ActiveCfg = Debug|Any CPU
		{8EEF1917-E2D9-4A9A-82CC-8105DDE83ED9}.Debug|Any CPU.Build.0 = Debug|Any CPU
		{8EEF1917-E2D9-4A9A-82CC-8105DDE83ED9}.Release|Any CPU.ActiveCfg = Debug|Any CPU
		{8EEF1917-E2D9-4A9A-82CC-8105DDE83ED9}.Release|Any CPU.Build.0 = Debug|Any CPU
		{101DF516-0873-4EB1-934C-24FEEE1F80C0}.Debug|Any CPU.ActiveCfg = Debug|Any CPU
		{101DF516-0873-4EB1-934C-24FEEE1F80C0}.Debug|Any CPU.Build.0 = Debug|Any CPU
		{101DF516-0873-4EB1-934C-24FEEE1F80C0}.Release|Any CPU.ActiveCfg = Release|Any CPU
		{101DF516-0873-4EB1-934C-24FEEE1F80C0}.Release|Any CPU.Build.0 = Release|Any CPU
	EndGlobalSection
	GlobalSection(SolutionProperties) = preSolution
		HideSolutionNode = FALSE
	EndGlobalSection
EndGlobal
